
Microsoft Visual Studio Solution File, Format Version 12.00
# Visual Studio Version 17
VisualStudioVersion = 17.4.33110.190
MinimumVisualStudioVersion = 10.0.40219.1
Project("{FAE04EC0-301F-11D3-BF4B-00C04F79EFBC}") = "TodoApp.Presentation", "TodoApp.Presentation\TodoApp.Presentation.csproj", "{082D37E2-F693-4434-9D87-0F111AC65DE4}"
EndProject
Project("{FAE04EC0-301F-11D3-BF4B-00C04F79EFBC}") = "TodoApp.Domain", "TodoApp.Domain\TodoApp.Domain.csproj", "{3FF68BE4-DA6A-4C23-8ABE-D113B7EAEB67}"
EndProject
Project("{FAE04EC0-301F-11D3-BF4B-00C04F79EFBC}") = "TodoApp.Data", "TodoApp.Data\TodoApp.Data.csproj", "{A70F9A40-35FC-418D-B31E-C70B6332F7CA}"
EndProject
Global
	GlobalSection(SolutionConfigurationPlatforms) = preSolution
		Debug|Any CPU = Debug|Any CPU
		Release|Any CPU = Release|Any CPU
	EndGlobalSection
	GlobalSection(ProjectConfigurationPlatforms) = postSolution
		{082D37E2-F693-4434-9D87-0F111AC65DE4}.Debug|Any CPU.ActiveCfg = Debug|Any CPU
		{082D37E2-F693-4434-9D87-0F111AC65DE4}.Debug|Any CPU.Build.0 = Debug|Any CPU
		{082D37E2-F693-4434-9D87-0F111AC65DE4}.Release|Any CPU.ActiveCfg = Release|Any CPU
		{082D37E2-F693-4434-9D87-0F111AC65DE4}.Release|Any CPU.Build.0 = Release|Any CPU
		{3FF68BE4-DA6A-4C23-8ABE-D113B7EAEB67}.Debug|Any CPU.ActiveCfg = Debug|Any CPU
		{3FF68BE4-DA6A-4C23-8ABE-D113B7EAEB67}.Debug|Any CPU.Build.0 = Debug|Any CPU
		{3FF68BE4-DA6A-4C23-8ABE-D113B7EAEB67}.Release|Any CPU.ActiveCfg = Release|Any CPU
		{3FF68BE4-DA6A-4C23-8ABE-D113B7EAEB67}.Release|Any CPU.Build.0 = Release|Any CPU
		{A70F9A40-35FC-418D-B31E-C70B6332F7CA}.Debug|Any CPU.ActiveCfg = Debug|Any CPU
		{A70F9A40-35FC-418D-B31E-C70B6332F7CA}.Debug|Any CPU.Build.0 = Debug|Any CPU
		{A70F9A40-35FC-418D-B31E-C70B6332F7CA}.Release|Any CPU.ActiveCfg = Release|Any CPU
		{A70F9A40-35FC-418D-B31E-C70B6332F7CA}.Release|Any CPU.Build.0 = Release|Any CPU
	EndGlobalSection
	GlobalSection(SolutionProperties) = preSolution
		HideSolutionNode = FALSE
	EndGlobalSection
	GlobalSection(ExtensibilityGlobals) = postSolution
		SolutionGuid = {540B9B56-5871-4351-ABC0-A1A79B597150}
	EndGlobalSection
EndGlobal
